# This file is automatically @generated by Cargo.
# It is not intended for manual editing.
version = 4

[[package]]
name = "comparand"
version = "0.1.0"
dependencies = [
 "comparand-core",
]

[[package]]
name = "comparand-bench"
version = "0.1.0"

[[package]]
name = "comparand-cdc"
version = "0.1.0"

[[package]]
name = "comparand-core"
version = "0.1.0"

[[package]]
name = "comparand-corpus"
version = "0.1.0"
dependencies = [
 "comparand-core",
]

[[package]]
name = "comparand-index"
version = "0.1.0"

[[package]]
name = "comparand-phonetic"
version = "0.1.0"

[[package]]
name = "comparand-search"
version = "0.1.0"

[[package]]
name = "comparand-unicode"
version = "0.1.0"
